
Microsoft Visual Studio Solution File, Format Version 12.00
# Visual Studio Version 17
VisualStudioVersion = 17.10.35122.118
MinimumVisualStudioVersion = 10.0.40219.1
Project("{FAE04EC0-301F-11D3-BF4B-00C04F79EFBC}") = "T4BinaryChartDataDemo", "T4BinaryChartDataDemo.csproj", "{74B3BB79-0A58-4315-A867-5158476BEB00}"
EndProject
Global
	GlobalSection(SolutionConfigurationPlatforms) = preSolution
		Debug|Any CPU = Debug|Any CPU
		Release|Any CPU = Release|Any CPU
	EndGlobalSection
	GlobalSection(ProjectConfigurationPlatforms) = postSolution
		{74B3BB79-0A58-4315-A867-5158476BEB00}.Debug|Any CPU.ActiveCfg = Debug|Any CPU
		{74B3BB79-0A58-4315-A867-5158476BEB00}.Debug|Any CPU.Build.0 = Debug|Any CPU
		{74B3BB79-0A58-4315-A867-5158476BEB00}.Release|Any CPU.ActiveCfg = Release|Any CPU
		{74B3BB79-0A58-4315-A867-5158476BEB00}.Release|Any CPU.Build.0 = Release|Any CPU
	EndGlobalSection
	GlobalSection(SolutionProperties) = preSolution
		HideSolutionNode = FALSE
	EndGlobalSection
	GlobalSection(ExtensibilityGlobals) = postSolution
		SolutionGuid = {F482C1CC-C150-48D6-902C-3D7571563107}
	EndGlobalSection
EndGlobal
